
Microsoft Visual Studio Solution File, Format Version 12.00
# Visual Studio Version 16
VisualStudioVersion = 16.0.30517.126
MinimumVisualStudioVersion = 10.0.40219.1
Project("{FAE04EC0-301F-11D3-BF4B-00C04F79EFBC}") = "PortfolioBuilder", "PortfolioBuilder\PortfolioBuilder.csproj", "{6A2276E6-B331-49E4-BC3E-0EA7B4C7A1CB}"
EndProject
Global
	GlobalSection(SolutionConfigurationPlatforms) = preSolution
		Debug|Any CPU = Debug|Any CPU
		Release|Any CPU = Release|Any CPU
	EndGlobalSection
	GlobalSection(ProjectConfigurationPlatforms) = postSolution
		{6A2276E6-B331-49E4-BC3E-0EA7B4C7A1CB}.Debug|Any CPU.ActiveCfg = Debug|Any CPU
		{6A2276E6-B331-49E4-BC3E-0EA7B4C7A1CB}.Debug|Any CPU.Build.0 = Debug|Any CPU
		{6A2276E6-B331-49E4-BC3E-0EA7B4C7A1CB}.Release|Any CPU.ActiveCfg = Release|Any CPU
		{6A2276E6-B331-49E4-BC3E-0EA7B4C7A1CB}.Release|Any CPU.Build.0 = Release|Any CPU
	EndGlobalSection
	GlobalSection(SolutionProperties) = preSolution
		HideSolutionNode = FALSE
	EndGlobalSection
	GlobalSection(ExtensibilityGlobals) = postSolution
		SolutionGuid = {2AAEA69C-E1B8-4BDB-8FC8-BDA8893A6440}
	EndGlobalSection
EndGlobal
